{
  "version": 4,
  "terraform_version": "1.7.2",
  "serial": 14,
  "lineage": "1707679c-3afe-390e-b3d7-94f13b998fa3",
  "outputs": {
    "webapp_ips": {
      "value": "51.137.11.162,51.137.12.181,51.137.14.237,51.137.15.103,40.114.176.34,40.114.176.41,51.124.0.49,51.124.1.43,51.124.1.225,51.124.2.228,51.124.3.134,51.124.6.5,20.105.216.45",
      "type": "string"
    },
    "webapp_url": {
      "value": "parlapan-bazar-app-service.azurewebsites.net",
      "type": "string"
    }
  },
  "resources": [
    {
      "mode": "managed",
      "type": "azurerm_app_service_source_control",
      "name": "sc",
      "provider": "provider[\"registry.terraform.io/hashicorp/azurerm\"]",
      "instances": [
        {
          "schema_version": 0,
          "attributes": {
            "app_id": "/subscriptions/872d2d5e-5a86-47a2-af2c-6327c4cc3ef7/resourceGroups/parlapan-bazar-resource-group/providers/Microsoft.Web/sites/parlapan-bazar-app-service",
            "branch": "main",
            "github_action_configuration": [],
            "id": "/subscriptions/872d2d5e-5a86-47a2-af2c-6327c4cc3ef7/resourceGroups/parlapan-bazar-resource-group/providers/Microsoft.Web/sites/parlapan-bazar-app-service",
            "repo_url": "https://github.com/dimosoftuni/SoftUniBazar",
            "rollback_enabled": false,
            "scm_type": "ExternalGit",
            "timeouts": null,
            "use_local_git": false,
            "use_manual_integration": true,
            "use_mercurial": false,
            "uses_github_action": false
          },
          "sensitive_attributes": [],
          "private": "eyJlMmJmYjczMC1lY2FhLTExZTYtOGY4OC0zNDM2M2JjN2M0YzAiOnsiY3JlYXRlIjoxODAwMDAwMDAwMDAwLCJkZWxldGUiOjE4MDAwMDAwMDAwMDAsInJlYWQiOjMwMDAwMDAwMDAwMH19",
          "dependencies": [
            "azurerm_linux_web_app.linux-app",
            "azurerm_mssql_database.database",
            "azurerm_mssql_server.sqlserver",
            "azurerm_resource_group.resource-gr",
            "azurerm_service_plan.service-plan"
          ]
        }
      ]
    },
    {
      "mode": "managed",
      "type": "azurerm_linux_web_app",
      "name": "linux-app",
      "provider": "provider[\"registry.terraform.io/hashicorp/azurerm\"]",
      "instances": [
        {
          "schema_version": 0,
          "attributes": {
            "app_settings": null,
            "auth_settings": [
              {
                "active_directory": [],
                "additional_login_parameters": {},
                "allowed_external_redirect_urls": [],
                "default_provider": "",
                "enabled": false,
                "facebook": [],
                "github": [],
                "google": [],
                "issuer": "",
                "microsoft": [],
                "runtime_version": "",
                "token_refresh_extension_hours": 0,
                "token_store_enabled": false,
                "twitter": [],
                "unauthenticated_client_action": ""
              }
            ],
            "backup": [],
            "client_affinity_enabled": false,
            "client_certificate_enabled": false,
            "client_certificate_mode": "Required",
            "connection_string": [
              {
                "name": "DefaultConnection",
                "type": "SQLAzure",
                "value": "Data Source=tcp:parlapan-bazar-sqlserver-azdb.database.windows.net,1433;Initial Catalog=parlapan-bazar-sql-database;User ID=missadministrator;Password=yourStrongPassword12#;Trusted_Connection=False; MultipleActiveResultSets=True;"
              }
            ],
            "custom_domain_verification_id": "9B7B59BA3FA57F2F271F50DD33BC8FC23C5360F803BBD5BEEBEED13C01703CF1",
            "default_hostname": "parlapan-bazar-app-service.azurewebsites.net",
            "enabled": true,
            "https_only": false,
            "id": "/subscriptions/872d2d5e-5a86-47a2-af2c-6327c4cc3ef7/resourceGroups/parlapan-bazar-resource-group/providers/Microsoft.Web/sites/parlapan-bazar-app-service",
            "identity": [],
            "key_vault_reference_identity_id": "SystemAssigned",
            "kind": "app,linux",
            "location": "westeurope",
            "logs": [],
            "name": "parlapan-bazar-app-service",
            "outbound_ip_address_list": [
              "51.137.11.162",
              "51.137.12.181",
              "51.137.14.237",
              "51.137.15.103",
              "40.114.176.34",
              "40.114.176.41",
              "51.124.0.49",
              "51.124.1.43",
              "51.124.1.225",
              "51.124.2.228",
              "51.124.3.134",
              "51.124.6.5",
              "20.105.216.45"
            ],
            "outbound_ip_addresses": "51.137.11.162,51.137.12.181,51.137.14.237,51.137.15.103,40.114.176.34,40.114.176.41,51.124.0.49,51.124.1.43,51.124.1.225,51.124.2.228,51.124.3.134,51.124.6.5,20.105.216.45",
            "possible_outbound_ip_address_list": [
              "51.137.11.162",
              "51.137.12.181",
              "51.137.14.237",
              "51.137.15.103",
              "40.114.176.34",
              "40.114.176.41",
              "51.124.0.49",
              "51.124.1.43",
              "51.124.1.225",
              "51.124.2.228",
              "51.124.3.134",
              "51.124.6.5",
              "51.124.6.214",
              "51.124.7.161",
              "51.124.67.77",
              "51.124.67.106",
              "51.124.68.151",
              "51.124.71.195",
              "51.137.8.19",
              "51.137.9.194",
              "51.137.10.39",
              "51.137.11.8",
              "51.137.11.108",
              "51.137.11.125",
              "51.137.11.162",
              "51.137.12.181",
              "51.137.14.237",
              "51.137.15.103",
              "40.114.176.34",
              "40.114.176.41",
              "40.114.178.20",
              "40.114.178.110",
              "40.114.178.133",
              "40.114.178.148",
              "40.114.179.4",
              "40.114.179.55",
              "20.105.216.45"
            ],
            "possible_outbound_ip_addresses": "51.137.11.162,51.137.12.181,51.137.14.237,51.137.15.103,40.114.176.34,40.114.176.41,51.124.0.49,51.124.1.43,51.124.1.225,51.124.2.228,51.124.3.134,51.124.6.5,51.124.6.214,51.124.7.161,51.124.67.77,51.124.67.106,51.124.68.151,51.124.71.195,51.137.8.19,51.137.9.194,51.137.10.39,51.137.11.8,51.137.11.108,51.137.11.125,51.137.11.162,51.137.12.181,51.137.14.237,51.137.15.103,40.114.176.34,40.114.176.41,40.114.178.20,40.114.178.110,40.114.178.133,40.114.178.148,40.114.179.4,40.114.179.55,20.105.216.45",
            "resource_group_name": "parlapan-bazar-resource-group",
            "service_plan_id": "/subscriptions/872d2d5e-5a86-47a2-af2c-6327c4cc3ef7/resourceGroups/parlapan-bazar-resource-group/providers/Microsoft.Web/serverfarms/parlapan-bazar-app-service",
            "site_config": [
              {
                "always_on": false,
                "api_definition_url": "",
                "api_management_api_id": "",
                "app_command_line": "",
                "application_stack": [
                  {
                    "docker_image": "",
                    "docker_image_tag": "",
                    "dotnet_version": "6.0",
                    "java_server": "",
                    "java_server_version": "",
                    "java_version": "",
                    "node_version": "",
                    "php_version": "",
                    "python_version": "",
                    "ruby_version": ""
                  }
                ],
                "auto_heal_enabled": false,
                "auto_heal_setting": [],
                "container_registry_managed_identity_client_id": "",
                "container_registry_use_managed_identity": false,
                "cors": [],
                "default_documents": [
                  "Default.htm",
                  "Default.html",
                  "Default.asp",
                  "index.htm",
                  "index.html",
                  "iisstart.htm",
                  "default.aspx",
                  "index.php",
                  "hostingstart.html"
                ],
                "detailed_error_logging_enabled": false,
                "ftps_state": "Disabled",
                "health_check_eviction_time_in_min": 0,
                "health_check_path": "",
                "http2_enabled": false,
                "ip_restriction": [],
                "linux_fx_version": "DOTNETCORE|6.0",
                "load_balancing_mode": "LeastRequests",
                "local_mysql_enabled": false,
                "managed_pipeline_mode": "Integrated",
                "minimum_tls_version": "1.2",
                "remote_debugging_enabled": false,
                "remote_debugging_version": "VS2019",
                "scm_ip_restriction": [],
                "scm_minimum_tls_version": "1.2",
                "scm_type": "None",
                "scm_use_main_ip_restriction": false,
                "use_32_bit_worker": true,
                "vnet_route_all_enabled": false,
                "websockets_enabled": false,
                "worker_count": 1
              }
            ],
            "site_credential": [
              {
                "name": "$parlapan-bazar-app-service",
                "password": "K4SHGeZsoJurKCwPHtxcwPfSxMjn8D6fCpxzQsLYTHngrybY5umxsrwtNMQz"
              }
            ],
            "storage_account": [],
            "tags": null,
            "timeouts": null
          },
          "sensitive_attributes": [
            [
              {
                "type": "get_attr",
                "value": "connection_string"
              }
            ]
          ],
          "private": "eyJlMmJmYjczMC1lY2FhLTExZTYtOGY4OC0zNDM2M2JjN2M0YzAiOnsiY3JlYXRlIjoxODAwMDAwMDAwMDAwLCJkZWxldGUiOjE4MDAwMDAwMDAwMDAsInJlYWQiOjMwMDAwMDAwMDAwMCwidXBkYXRlIjoxODAwMDAwMDAwMDAwfX0=",
          "dependencies": [
            "azurerm_mssql_database.database",
            "azurerm_mssql_server.sqlserver",
            "azurerm_resource_group.resource-gr",
            "azurerm_service_plan.service-plan"
          ]
        }
      ]
    },
    {
      "mode": "managed",
      "type": "azurerm_mssql_database",
      "name": "database",
      "provider": "provider[\"registry.terraform.io/hashicorp/azurerm\"]",
      "instances": [
        {
          "schema_version": 1,
          "attributes": {
            "auto_pause_delay_in_minutes": 0,
            "collation": "SQL_Latin1_General_CP1_CI_AS",
            "create_mode": "Default",
            "creation_source_database_id": null,
            "elastic_pool_id": "",
            "geo_backup_enabled": true,
            "id": "/subscriptions/872d2d5e-5a86-47a2-af2c-6327c4cc3ef7/resourceGroups/parlapan-bazar-resource-group/providers/Microsoft.Sql/servers/parlapan-bazar-sqlserver-azdb/databases/parlapan-bazar-sql-database",
            "license_type": "",
            "long_term_retention_policy": [
              {
                "monthly_retention": "PT0S",
                "week_of_year": 0,
                "weekly_retention": "PT0S",
                "yearly_retention": "PT0S"
              }
            ],
            "max_size_gb": 250,
            "min_capacity": 0,
            "name": "parlapan-bazar-sql-database",
            "read_replica_count": 0,
            "read_scale": false,
            "recover_database_id": null,
            "restore_dropped_database_id": null,
            "restore_point_in_time": null,
            "sample_name": null,
            "server_id": "/subscriptions/872d2d5e-5a86-47a2-af2c-6327c4cc3ef7/resourceGroups/parlapan-bazar-resource-group/providers/Microsoft.Sql/servers/parlapan-bazar-sqlserver-azdb",
            "short_term_retention_policy": [
              {
                "retention_days": 7
              }
            ],
            "sku_name": "S0",
            "storage_account_type": "Geo",
            "tags": null,
            "threat_detection_policy": [
              {
                "disabled_alerts": [],
                "email_account_admins": "Disabled",
                "email_addresses": [],
                "retention_days": 0,
                "state": "Disabled",
                "storage_account_access_key": "",
                "storage_endpoint": ""
              }
            ],
            "timeouts": null,
            "transparent_data_encryption_enabled": true,
            "zone_redundant": false
          },
          "sensitive_attributes": [],
          "private": "eyJlMmJmYjczMC1lY2FhLTExZTYtOGY4OC0zNDM2M2JjN2M0YzAiOnsiY3JlYXRlIjozNjAwMDAwMDAwMDAwLCJkZWxldGUiOjM2MDAwMDAwMDAwMDAsInJlYWQiOjMwMDAwMDAwMDAwMCwidXBkYXRlIjozNjAwMDAwMDAwMDAwfSwic2NoZW1hX3ZlcnNpb24iOiIxIn0=",
          "dependencies": [
            "azurerm_mssql_server.sqlserver",
            "azurerm_resource_group.resource-gr"
          ]
        }
      ]
    },
    {
      "mode": "managed",
      "type": "azurerm_mssql_firewall_rule",
      "name": "firewall",
      "provider": "provider[\"registry.terraform.io/hashicorp/azurerm\"]",
      "instances": [
        {
          "schema_version": 0,
          "attributes": {
            "end_ip_address": "0.0.0.0",
            "id": "/subscriptions/872d2d5e-5a86-47a2-af2c-6327c4cc3ef7/resourceGroups/parlapan-bazar-resource-group/providers/Microsoft.Sql/servers/parlapan-bazar-sqlserver-azdb/firewallRules/parlapan-bazar-firewall-rule",
            "name": "parlapan-bazar-firewall-rule",
            "server_id": "/subscriptions/872d2d5e-5a86-47a2-af2c-6327c4cc3ef7/resourceGroups/parlapan-bazar-resource-group/providers/Microsoft.Sql/servers/parlapan-bazar-sqlserver-azdb",
            "start_ip_address": "0.0.0.0",
            "timeouts": null
          },
          "sensitive_attributes": [],
          "private": "eyJlMmJmYjczMC1lY2FhLTExZTYtOGY4OC0zNDM2M2JjN2M0YzAiOnsiY3JlYXRlIjoxODAwMDAwMDAwMDAwLCJkZWxldGUiOjE4MDAwMDAwMDAwMDAsInJlYWQiOjMwMDAwMDAwMDAwMCwidXBkYXRlIjoxODAwMDAwMDAwMDAwfX0=",
          "dependencies": [
            "azurerm_mssql_server.sqlserver",
            "azurerm_resource_group.resource-gr"
          ]
        }
      ]
    },
    {
      "mode": "managed",
      "type": "azurerm_mssql_server",
      "name": "sqlserver",
      "provider": "provider[\"registry.terraform.io/hashicorp/azurerm\"]",
      "instances": [
        {
          "schema_version": 0,
          "attributes": {
            "administrator_login": "missadministrator",
            "administrator_login_password": "yourStrongPassword12#",
            "azuread_administrator": [],
            "connection_policy": "Default",
            "fully_qualified_domain_name": "parlapan-bazar-sqlserver-azdb.database.windows.net",
            "id": "/subscriptions/872d2d5e-5a86-47a2-af2c-6327c4cc3ef7/resourceGroups/parlapan-bazar-resource-group/providers/Microsoft.Sql/servers/parlapan-bazar-sqlserver-azdb",
            "identity": [],
            "location": "westeurope",
            "minimum_tls_version": "1.2",
            "name": "parlapan-bazar-sqlserver-azdb",
            "outbound_network_restriction_enabled": false,
            "primary_user_assigned_identity_id": "",
            "public_network_access_enabled": true,
            "resource_group_name": "parlapan-bazar-resource-group",
            "restorable_dropped_database_ids": [],
            "tags": null,
            "timeouts": null,
            "version": "12.0"
          },
          "sensitive_attributes": [],
          "private": "eyJlMmJmYjczMC1lY2FhLTExZTYtOGY4OC0zNDM2M2JjN2M0YzAiOnsiY3JlYXRlIjozNjAwMDAwMDAwMDAwLCJkZWxldGUiOjM2MDAwMDAwMDAwMDAsInJlYWQiOjMwMDAwMDAwMDAwMCwidXBkYXRlIjozNjAwMDAwMDAwMDAwfX0=",
          "dependencies": [
            "azurerm_resource_group.resource-gr"
          ]
        }
      ]
    },
    {
      "mode": "managed",
      "type": "azurerm_resource_group",
      "name": "resource-gr",
      "provider": "provider[\"registry.terraform.io/hashicorp/azurerm\"]",
      "instances": [
        {
          "schema_version": 0,
          "attributes": {
            "id": "/subscriptions/872d2d5e-5a86-47a2-af2c-6327c4cc3ef7/resourceGroups/parlapan-bazar-resource-group",
            "location": "westeurope",
            "name": "parlapan-bazar-resource-group",
            "tags": null,
            "timeouts": null
          },
          "sensitive_attributes": [],
          "private": "eyJlMmJmYjczMC1lY2FhLTExZTYtOGY4OC0zNDM2M2JjN2M0YzAiOnsiY3JlYXRlIjo1NDAwMDAwMDAwMDAwLCJkZWxldGUiOjU0MDAwMDAwMDAwMDAsInJlYWQiOjMwMDAwMDAwMDAwMCwidXBkYXRlIjo1NDAwMDAwMDAwMDAwfX0="
        }
      ]
    },
    {
      "mode": "managed",
      "type": "azurerm_service_plan",
      "name": "service-plan",
      "provider": "provider[\"registry.terraform.io/hashicorp/azurerm\"]",
      "instances": [
        {
          "schema_version": 0,
          "attributes": {
            "app_service_environment_id": "",
            "id": "/subscriptions/872d2d5e-5a86-47a2-af2c-6327c4cc3ef7/resourceGroups/parlapan-bazar-resource-group/providers/Microsoft.Web/serverfarms/parlapan-bazar-app-service",
            "kind": "linux",
            "location": "westeurope",
            "maximum_elastic_worker_count": 1,
            "name": "parlapan-bazar-app-service",
            "os_type": "Linux",
            "per_site_scaling_enabled": false,
            "reserved": true,
            "resource_group_name": "parlapan-bazar-resource-group",
            "sku_name": "F1",
            "tags": null,
            "timeouts": null,
            "worker_count": 1
          },
          "sensitive_attributes": [],
          "private": "eyJlMmJmYjczMC1lY2FhLTExZTYtOGY4OC0zNDM2M2JjN2M0YzAiOnsiY3JlYXRlIjozNjAwMDAwMDAwMDAwLCJkZWxldGUiOjM2MDAwMDAwMDAwMDAsInJlYWQiOjMwMDAwMDAwMDAwMCwidXBkYXRlIjozNjAwMDAwMDAwMDAwfX0=",
          "dependencies": [
            "azurerm_resource_group.resource-gr"
          ]
        }
      ]
    }
  ],
  "check_results": null
}
